
Microsoft Visual Studio Solution File, Format Version 12.00
# Visual Studio Version 16
VisualStudioVersion = 16.0.29728.190
MinimumVisualStudioVersion = 10.0.40219.1
Project("{FAE04EC0-301F-11D3-BF4B-00C04F79EFBC}") = "ShopCartUser", "ShopCartUser.csproj", "{5BECA96F-DF80-4096-A743-D801BBB96DFF}"
EndProject
Global
	GlobalSection(SolutionConfigurationPlatforms) = preSolution
		Debug|Any CPU = Debug|Any CPU
		Release|Any CPU = Release|Any CPU
	EndGlobalSection
	GlobalSection(ProjectConfigurationPlatforms) = postSolution
		{5BECA96F-DF80-4096-A743-D801BBB96DFF}.Debug|Any CPU.ActiveCfg = Debug|Any CPU
		{5BECA96F-DF80-4096-A743-D801BBB96DFF}.Debug|Any CPU.Build.0 = Debug|Any CPU
		{5BECA96F-DF80-4096-A743-D801BBB96DFF}.Release|Any CPU.ActiveCfg = Release|Any CPU
		{5BECA96F-DF80-4096-A743-D801BBB96DFF}.Release|Any CPU.Build.0 = Release|Any CPU
	EndGlobalSection
	GlobalSection(SolutionProperties) = preSolution
		HideSolutionNode = FALSE
	EndGlobalSection
	GlobalSection(ExtensibilityGlobals) = postSolution
		SolutionGuid = {E50C2F07-BB8D-44E9-A95E-7DF76B77A345}
	EndGlobalSection
EndGlobal
